
Microsoft Visual Studio Solution File, Format Version 12.00
# Visual Studio Version 17
VisualStudioVersion = 17.3.32922.545
MinimumVisualStudioVersion = 10.0.40219.1
Project("{FAE04EC0-301F-11D3-BF4B-00C04F79EFBC}") = "Inlm_2", "Inlm_2\Inlm_2.csproj", "{F504404F-42AF-434B-B101-6F20A271598F}"
EndProject
Global
	GlobalSection(SolutionConfigurationPlatforms) = preSolution
		Debug|Any CPU = Debug|Any CPU
		Release|Any CPU = Release|Any CPU
	EndGlobalSection
	GlobalSection(ProjectConfigurationPlatforms) = postSolution
		{F504404F-42AF-434B-B101-6F20A271598F}.Debug|Any CPU.ActiveCfg = Debug|Any CPU
		{F504404F-42AF-434B-B101-6F20A271598F}.Debug|Any CPU.Build.0 = Debug|Any CPU
		{F504404F-42AF-434B-B101-6F20A271598F}.Release|Any CPU.ActiveCfg = Release|Any CPU
		{F504404F-42AF-434B-B101-6F20A271598F}.Release|Any CPU.Build.0 = Release|Any CPU
	EndGlobalSection
	GlobalSection(SolutionProperties) = preSolution
		HideSolutionNode = FALSE
	EndGlobalSection
	GlobalSection(ExtensibilityGlobals) = postSolution
		SolutionGuid = {647029BF-D42C-46C3-B577-C892D6D84F24}
	EndGlobalSection
EndGlobal
